
Microsoft Visual Studio Solution File, Format Version 12.00
# Visual Studio 15
VisualStudioVersion = 15.0.28307.329
MinimumVisualStudioVersion = 10.0.40219.1
Project("{FAE04EC0-301F-11D3-BF4B-00C04F79EFBC}") = "ChatUDP", "ChatUDP\ChatUDP.csproj", "{A0C9DF0C-050F-458A-B026-8F31FC3BE871}"
EndProject
Global
	GlobalSection(SolutionConfigurationPlatforms) = preSolution
		Debug|Any CPU = Debug|Any CPU
		Release|Any CPU = Release|Any CPU
	EndGlobalSection
	GlobalSection(ProjectConfigurationPlatforms) = postSolution
		{A0C9DF0C-050F-458A-B026-8F31FC3BE871}.Debug|Any CPU.ActiveCfg = Debug|Any CPU
		{A0C9DF0C-050F-458A-B026-8F31FC3BE871}.Debug|Any CPU.Build.0 = Debug|Any CPU
		{A0C9DF0C-050F-458A-B026-8F31FC3BE871}.Release|Any CPU.ActiveCfg = Release|Any CPU
		{A0C9DF0C-050F-458A-B026-8F31FC3BE871}.Release|Any CPU.Build.0 = Release|Any CPU
	EndGlobalSection
	GlobalSection(SolutionProperties) = preSolution
		HideSolutionNode = FALSE
	EndGlobalSection
	GlobalSection(ExtensibilityGlobals) = postSolution
		SolutionGuid = {C9039152-9918-444F-A6E9-C04D464384CB}
	EndGlobalSection
EndGlobal
